
Microsoft Visual Studio Solution File, Format Version 12.00
# Visual Studio Version 17
VisualStudioVersion = 17.1.32328.378
MinimumVisualStudioVersion = 10.0.40219.1
Project("{FAE04EC0-301F-11D3-BF4B-00C04F79EFBC}") = "SamlAzureAD", "SamlTest\SamlAzureAD.csproj", "{8E66462A-71A8-4AD4-951F-A1E7CDAE547D}"
EndProject
Global
	GlobalSection(SolutionConfigurationPlatforms) = preSolution
		Debug|Any CPU = Debug|Any CPU
		Release|Any CPU = Release|Any CPU
	EndGlobalSection
	GlobalSection(ProjectConfigurationPlatforms) = postSolution
		{8E66462A-71A8-4AD4-951F-A1E7CDAE547D}.Debug|Any CPU.ActiveCfg = Debug|Any CPU
		{8E66462A-71A8-4AD4-951F-A1E7CDAE547D}.Debug|Any CPU.Build.0 = Debug|Any CPU
		{8E66462A-71A8-4AD4-951F-A1E7CDAE547D}.Release|Any CPU.ActiveCfg = Release|Any CPU
		{8E66462A-71A8-4AD4-951F-A1E7CDAE547D}.Release|Any CPU.Build.0 = Release|Any CPU
	EndGlobalSection
	GlobalSection(SolutionProperties) = preSolution
		HideSolutionNode = FALSE
	EndGlobalSection
	GlobalSection(ExtensibilityGlobals) = postSolution
		SolutionGuid = {FE25F47E-6ECD-4789-A968-8478F3B15B7B}
	EndGlobalSection
EndGlobal
